// !$*UTF8*$!
{
	archiveVersion = 1;
	classes = {
	};
	objectVersion = 77;
	objects = {

/* Begin PBXBuildFile section */
		0A435CCF524E7C54DDA2B6B0 /* AppServices.swift in Sources */ = {isa = PBXBuildFile; fileRef = 1CBE674D2FD1804C3A9AEC2A /* AppServices.swift */; };
		0A8A20A33A6B5CC39238FB71 /* StatusMenuController.swift in Sources */ = {isa = PBXBuildFile; fileRef = 9831842C76DBBF67F7B19B0D /* StatusMenuController.swift */; };
		0F6FAD6456C5766BBF6D8F02 /* PushToTalkHotkey.swift in Sources */ = {isa = PBXBuildFile; fileRef = 5F7F8212B350BEB52CB23267 /* PushToTalkHotkey.swift */; };
		11DA3FAEE4B90A5E06EA8A2B /* NotchGeometry.swift in Sources */ = {isa = PBXBuildFile; fileRef = 6D7AD448C90A10E568928B60 /* NotchGeometry.swift */; };
		1228FA40BFE2B248959E8317 /* OutputManager.swift in Sources */ = {isa = PBXBuildFile; fileRef = 9CF2FE36886981B6240FEA03 /* OutputManager.swift */; };
		18F9191DB3B2274A9F03BF90 /* IndicatorViews.swift in Sources */ = {isa = PBXBuildFile; fileRef = 53CDC1DEB94A862FBD8B4176 /* IndicatorViews.swift */; };
		1DC894F3E46F300DF0E8EA61 /* SettingsView.swift in Sources */ = {isa = PBXBuildFile; fileRef = BFA387A03AF9C8840D824040 /* SettingsView.swift */; };
		424118F84B33304D28DD0164 /* PostHog in Frameworks */ = {isa = PBXBuildFile; productRef = F5CC88EC6271CB7E2FD0274E /* PostHog */; };
		4C79262405E0E4515A0DD8DE /* CursorMicroIndicator.swift in Sources */ = {isa = PBXBuildFile; fileRef = C30B1ADF5F8F397951136104 /* CursorMicroIndicator.swift */; };
		5533DDF7CD2F7C04A715F483 /* TelemetryService.swift in Sources */ = {isa = PBXBuildFile; fileRef = 246C76A7D580672D28CD2297 /* TelemetryService.swift */; };
		60262FDDA10703AEF146B816 /* SoundCue.swift in Sources */ = {isa = PBXBuildFile; fileRef = B85425127B1B5B385D50C850 /* SoundCue.swift */; };
		63E047CB4300FEF61D33905D /* ModelIntegrity.swift in Sources */ = {isa = PBXBuildFile; fileRef = 28D00060B6B2B52B82EAAC80 /* ModelIntegrity.swift */; };
		65D287F1130DE707E53A7F07 /* AudioRecorder.swift in Sources */ = {isa = PBXBuildFile; fileRef = 56B356BE926A848C62F377A0 /* AudioRecorder.swift */; };
		67AAB530D645886CC9C0F22D /* SettingsStore.swift in Sources */ = {isa = PBXBuildFile; fileRef = 0F535DB58AC80A210E0A99E0 /* SettingsStore.swift */; };
		7012341DFB4F3019CE17B1BE /* TransparentHostingView.swift in Sources */ = {isa = PBXBuildFile; fileRef = EBAB4339DC33FE1AB6423836 /* TransparentHostingView.swift */; };
		7E0234D94F0413669D7817E8 /* ServiceProtocols.swift in Sources */ = {isa = PBXBuildFile; fileRef = 1758DB251BBDA9BDC1FEACDC /* ServiceProtocols.swift */; };
		7F2E8EE943ED5389739F4C73 /* LastCaptureStore.swift in Sources */ = {isa = PBXBuildFile; fileRef = 67FB7184D1FB559065BED77E /* LastCaptureStore.swift */; };
		8A1B1D25125EA0837144E04B /* HotkeyManager.swift in Sources */ = {isa = PBXBuildFile; fileRef = BA37B018422928A0B461D7D1 /* HotkeyManager.swift */; };
		924253CE1CE1FECE21F79B66 /* VoicedApp.swift in Sources */ = {isa = PBXBuildFile; fileRef = 1A8AACD2D38D57B649F4C714 /* VoicedApp.swift */; };
		945F240627B0D8E6F6DF9E9E /* FloatingIndicator.swift in Sources */ = {isa = PBXBuildFile; fileRef = 1E9D2150B7863C5B4DA190D6 /* FloatingIndicator.swift */; };
		9B45019C2D0CAA24E4294BC1 /* ModelStore.swift in Sources */ = {isa = PBXBuildFile; fileRef = E48B37645D9C844833348A15 /* ModelStore.swift */; };
		A9F041342BB91FAF0F8BBD37 /* TranscriptionModel.swift in Sources */ = {isa = PBXBuildFile; fileRef = E333EDF66F0B9EB498F402FA /* TranscriptionModel.swift */; };
		B10810AD945D4329AEA46E01 /* PermissionManager.swift in Sources */ = {isa = PBXBuildFile; fileRef = 998FED825A591A11ABBF1166 /* PermissionManager.swift */; };
		B76B4ED521E2EEE978248A21 /* WhisperKit in Frameworks */ = {isa = PBXBuildFile; productRef = 9CC44EAC360DCAF30814206A /* WhisperKit */; };
		C01B2893022BFFCB565EF670 /* ModelLoadProgress.swift in Sources */ = {isa = PBXBuildFile; fileRef = 7AE28435042EA5C3E3EDADEA /* ModelLoadProgress.swift */; };
		C5F0664BDF2F4C0C7989121E /* SoundCuePlayer.swift in Sources */ = {isa = PBXBuildFile; fileRef = F52BF312BC256443226FD940 /* SoundCuePlayer.swift */; };
		C6BE1655792B2AA1AD82D6BB /* OutputMode.swift in Sources */ = {isa = PBXBuildFile; fileRef = 00A6CE12537A4321167766FA /* OutputMode.swift */; };
		CFCE55C5EC4589DDC784B797 /* CaptureState.swift in Sources */ = {isa = PBXBuildFile; fileRef = C260EB544B057FE1807E22CD /* CaptureState.swift */; };
		D56AA73ED472F7EB7D0C8A9F /* Assets.xcassets in Resources */ = {isa = PBXBuildFile; fileRef = F2DC7F659259C1147C0E793B /* Assets.xcassets */; };
		D6E6C49354E2F3B06B037864 /* StatusMenuController+MenuBuilding.swift in Sources */ = {isa = PBXBuildFile; fileRef = 80266AAFB1DE4B84FC5CE9BA /* StatusMenuController+MenuBuilding.swift */; };
		D847D33F895A52EC7B60E033 /* IndicatorState.swift in Sources */ = {isa = PBXBuildFile; fileRef = C86E820E91FA67D9D682750B /* IndicatorState.swift */; };
		E3E609F4078E7BB43C4AC1D1 /* AppNotifications.swift in Sources */ = {isa = PBXBuildFile; fileRef = E01FFFACCBE06473CDCD6384 /* AppNotifications.swift */; };
		E41501F56C890F9B8F12E129 /* StatusMenuController+Actions.swift in Sources */ = {isa = PBXBuildFile; fileRef = 51B8479456A17344EACBFC55 /* StatusMenuController+Actions.swift */; };
		E4379CA56F99C2D22EE3AFDF /* IntroOnboardingPresenter.swift in Sources */ = {isa = PBXBuildFile; fileRef = 9972ADCF2078365AE57E8CB5 /* IntroOnboardingPresenter.swift */; };
		E7E4DC9DBB5AFDE410055958 /* TranscriptionService.swift in Sources */ = {isa = PBXBuildFile; fileRef = 71CD0C2ABDE2A1A0D7510C80 /* TranscriptionService.swift */; };
		E81EAE8038B63A2C03EE5AC1 /* AppCoordinatorLive.swift in Sources */ = {isa = PBXBuildFile; fileRef = 31AE923A0E8BCA98872BE2CD /* AppCoordinatorLive.swift */; };
/* End PBXBuildFile section */

/* Begin PBXFileReference section */
		00A6CE12537A4321167766FA /* OutputMode.swift */ = {isa = PBXFileReference; lastKnownFileType = sourcecode.swift; path = OutputMode.swift; sourceTree = "<group>"; };
		0F535DB58AC80A210E0A99E0 /* SettingsStore.swift */ = {isa = PBXFileReference; lastKnownFileType = sourcecode.swift; path = SettingsStore.swift; sourceTree = "<group>"; };
		1758DB251BBDA9BDC1FEACDC /* ServiceProtocols.swift */ = {isa = PBXFileReference; lastKnownFileType = sourcecode.swift; path = ServiceProtocols.swift; sourceTree = "<group>"; };
		1A8AACD2D38D57B649F4C714 /* VoicedApp.swift */ = {isa = PBXFileReference; lastKnownFileType = sourcecode.swift; path = VoicedApp.swift; sourceTree = "<group>"; };
		1CBE674D2FD1804C3A9AEC2A /* AppServices.swift */ = {isa = PBXFileReference; lastKnownFileType = sourcecode.swift; path = AppServices.swift; sourceTree = "<group>"; };
		1E9D2150B7863C5B4DA190D6 /* FloatingIndicator.swift */ = {isa = PBXFileReference; lastKnownFileType = sourcecode.swift; path = FloatingIndicator.swift; sourceTree = "<group>"; };
		246C76A7D580672D28CD2297 /* TelemetryService.swift */ = {isa = PBXFileReference; lastKnownFileType = sourcecode.swift; path = TelemetryService.swift; sourceTree = "<group>"; };
		28D00060B6B2B52B82EAAC80 /* ModelIntegrity.swift */ = {isa = PBXFileReference; lastKnownFileType = sourcecode.swift; path = ModelIntegrity.swift; sourceTree = "<group>"; };
		31AE923A0E8BCA98872BE2CD /* AppCoordinatorLive.swift */ = {isa = PBXFileReference; lastKnownFileType = sourcecode.swift; path = AppCoordinatorLive.swift; sourceTree = "<group>"; };
		51B8479456A17344EACBFC55 /* StatusMenuController+Actions.swift */ = {isa = PBXFileReference; lastKnownFileType = sourcecode.swift; path = "StatusMenuController+Actions.swift"; sourceTree = "<group>"; };
		537AE869AF197A7F8BFF7933 /* Voiced.app */ = {isa = PBXFileReference; explicitFileType = wrapper.application; includeInIndex = 0; path = Voiced.app; sourceTree = BUILT_PRODUCTS_DIR; };
		53CDC1DEB94A862FBD8B4176 /* IndicatorViews.swift */ = {isa = PBXFileReference; lastKnownFileType = sourcecode.swift; path = IndicatorViews.swift; sourceTree = "<group>"; };
		56B356BE926A848C62F377A0 /* AudioRecorder.swift */ = {isa = PBXFileReference; lastKnownFileType = sourcecode.swift; path = AudioRecorder.swift; sourceTree = "<group>"; };
		5F7F8212B350BEB52CB23267 /* PushToTalkHotkey.swift */ = {isa = PBXFileReference; lastKnownFileType = sourcecode.swift; path = PushToTalkHotkey.swift; sourceTree = "<group>"; };
		67FB7184D1FB559065BED77E /* LastCaptureStore.swift */ = {isa = PBXFileReference; lastKnownFileType = sourcecode.swift; path = LastCaptureStore.swift; sourceTree = "<group>"; };
		6D7AD448C90A10E568928B60 /* NotchGeometry.swift */ = {isa = PBXFileReference; lastKnownFileType = sourcecode.swift; path = NotchGeometry.swift; sourceTree = "<group>"; };
		71CD0C2ABDE2A1A0D7510C80 /* TranscriptionService.swift */ = {isa = PBXFileReference; lastKnownFileType = sourcecode.swift; path = TranscriptionService.swift; sourceTree = "<group>"; };
		7AE28435042EA5C3E3EDADEA /* ModelLoadProgress.swift */ = {isa = PBXFileReference; lastKnownFileType = sourcecode.swift; path = ModelLoadProgress.swift; sourceTree = "<group>"; };
		80266AAFB1DE4B84FC5CE9BA /* StatusMenuController+MenuBuilding.swift */ = {isa = PBXFileReference; lastKnownFileType = sourcecode.swift; path = "StatusMenuController+MenuBuilding.swift"; sourceTree = "<group>"; };
		9831842C76DBBF67F7B19B0D /* StatusMenuController.swift */ = {isa = PBXFileReference; lastKnownFileType = sourcecode.swift; path = StatusMenuController.swift; sourceTree = "<group>"; };
		9972ADCF2078365AE57E8CB5 /* IntroOnboardingPresenter.swift */ = {isa = PBXFileReference; lastKnownFileType = sourcecode.swift; path = IntroOnboardingPresenter.swift; sourceTree = "<group>"; };
		998FED825A591A11ABBF1166 /* PermissionManager.swift */ = {isa = PBXFileReference; lastKnownFileType = sourcecode.swift; path = PermissionManager.swift; sourceTree = "<group>"; };
		9CF2FE36886981B6240FEA03 /* OutputManager.swift */ = {isa = PBXFileReference; lastKnownFileType = sourcecode.swift; path = OutputManager.swift; sourceTree = "<group>"; };
		B85425127B1B5B385D50C850 /* SoundCue.swift */ = {isa = PBXFileReference; lastKnownFileType = sourcecode.swift; path = SoundCue.swift; sourceTree = "<group>"; };
		BA37B018422928A0B461D7D1 /* HotkeyManager.swift */ = {isa = PBXFileReference; lastKnownFileType = sourcecode.swift; path = HotkeyManager.swift; sourceTree = "<group>"; };
		BFA387A03AF9C8840D824040 /* SettingsView.swift */ = {isa = PBXFileReference; lastKnownFileType = sourcecode.swift; path = SettingsView.swift; sourceTree = "<group>"; };
		C260EB544B057FE1807E22CD /* CaptureState.swift */ = {isa = PBXFileReference; lastKnownFileType = sourcecode.swift; path = CaptureState.swift; sourceTree = "<group>"; };
		C30B1ADF5F8F397951136104 /* CursorMicroIndicator.swift */ = {isa = PBXFileReference; lastKnownFileType = sourcecode.swift; path = CursorMicroIndicator.swift; sourceTree = "<group>"; };
		C86E820E91FA67D9D682750B /* IndicatorState.swift */ = {isa = PBXFileReference; lastKnownFileType = sourcecode.swift; path = IndicatorState.swift; sourceTree = "<group>"; };
		E01FFFACCBE06473CDCD6384 /* AppNotifications.swift */ = {isa = PBXFileReference; lastKnownFileType = sourcecode.swift; path = AppNotifications.swift; sourceTree = "<group>"; };
		E333EDF66F0B9EB498F402FA /* TranscriptionModel.swift */ = {isa = PBXFileReference; lastKnownFileType = sourcecode.swift; path = TranscriptionModel.swift; sourceTree = "<group>"; };
		E48B37645D9C844833348A15 /* ModelStore.swift */ = {isa = PBXFileReference; lastKnownFileType = sourcecode.swift; path = ModelStore.swift; sourceTree = "<group>"; };
		EBAB4339DC33FE1AB6423836 /* TransparentHostingView.swift */ = {isa = PBXFileReference; lastKnownFileType = sourcecode.swift; path = TransparentHostingView.swift; sourceTree = "<group>"; };
		F2DC7F659259C1147C0E793B /* Assets.xcassets */ = {isa = PBXFileReference; lastKnownFileType = folder.assetcatalog; path = Assets.xcassets; sourceTree = "<group>"; };
		F52BF312BC256443226FD940 /* SoundCuePlayer.swift */ = {isa = PBXFileReference; lastKnownFileType = sourcecode.swift; path = SoundCuePlayer.swift; sourceTree = "<group>"; };
/* End PBXFileReference section */

/* Begin PBXFrameworksBuildPhase section */
		DFFE4154966E19B27AC45B17 /* Frameworks */ = {
			isa = PBXFrameworksBuildPhase;
			buildActionMask = 2147483647;
			files = (
				B76B4ED521E2EEE978248A21 /* WhisperKit in Frameworks */,
				424118F84B33304D28DD0164 /* PostHog in Frameworks */,
			);
			runOnlyForDeploymentPostprocessing = 0;
		};
/* End PBXFrameworksBuildPhase section */

/* Begin PBXGroup section */
		180C0105ED613D334DE3103B /* Support */ = {
			isa = PBXGroup;
			children = (
				E01FFFACCBE06473CDCD6384 /* AppNotifications.swift */,
				B85425127B1B5B385D50C850 /* SoundCue.swift */,
				F52BF312BC256443226FD940 /* SoundCuePlayer.swift */,
				246C76A7D580672D28CD2297 /* TelemetryService.swift */,
			);
			path = Support;
			sourceTree = "<group>";
		};
		3F145B619008250D85AFD359 /* Voiced */ = {
			isa = PBXGroup;
			children = (
				1A8AACD2D38D57B649F4C714 /* VoicedApp.swift */,
				8C601B1D211D5615AEF147CB /* App */,
				95D3B2F7E1C0BEF583037085 /* Audio */,
				420CAB025615C4FA6C07DDD8 /* Models */,
				EEC39E3099022CB5081423FA /* Output */,
				90A8BBFDAC3B64AE25CE8C88 /* Permissions */,
				180C0105ED613D334DE3103B /* Support */,
				8CBECA33F75723513D3E9448 /* UI */,
			);
			path = Voiced;
			sourceTree = "<group>";
		};
		420CAB025615C4FA6C07DDD8 /* Models */ = {
			isa = PBXGroup;
			children = (
				28D00060B6B2B52B82EAAC80 /* ModelIntegrity.swift */,
				7AE28435042EA5C3E3EDADEA /* ModelLoadProgress.swift */,
				E48B37645D9C844833348A15 /* ModelStore.swift */,
			);
			path = Models;
			sourceTree = "<group>";
		};
		56D75467D3375D3C901D8544 /* Config */ = {
			isa = PBXGroup;
			children = (
				F2DC7F659259C1147C0E793B /* Assets.xcassets */,
			);
			path = Config;
			sourceTree = "<group>";
		};
		8C601B1D211D5615AEF147CB /* App */ = {
			isa = PBXGroup;
			children = (
				31AE923A0E8BCA98872BE2CD /* AppCoordinatorLive.swift */,
				1CBE674D2FD1804C3A9AEC2A /* AppServices.swift */,
				C260EB544B057FE1807E22CD /* CaptureState.swift */,
				1758DB251BBDA9BDC1FEACDC /* ServiceProtocols.swift */,
				0F535DB58AC80A210E0A99E0 /* SettingsStore.swift */,
			);
			path = App;
			sourceTree = "<group>";
		};
		8CBECA33F75723513D3E9448 /* UI */ = {
			isa = PBXGroup;
			children = (
				C30B1ADF5F8F397951136104 /* CursorMicroIndicator.swift */,
				1E9D2150B7863C5B4DA190D6 /* FloatingIndicator.swift */,
				C86E820E91FA67D9D682750B /* IndicatorState.swift */,
				53CDC1DEB94A862FBD8B4176 /* IndicatorViews.swift */,
				9972ADCF2078365AE57E8CB5 /* IntroOnboardingPresenter.swift */,
				6D7AD448C90A10E568928B60 /* NotchGeometry.swift */,
				BFA387A03AF9C8840D824040 /* SettingsView.swift */,
				9831842C76DBBF67F7B19B0D /* StatusMenuController.swift */,
				51B8479456A17344EACBFC55 /* StatusMenuController+Actions.swift */,
				80266AAFB1DE4B84FC5CE9BA /* StatusMenuController+MenuBuilding.swift */,
				EBAB4339DC33FE1AB6423836 /* TransparentHostingView.swift */,
			);
			path = UI;
			sourceTree = "<group>";
		};
		90A8BBFDAC3B64AE25CE8C88 /* Permissions */ = {
			isa = PBXGroup;
			children = (
				BA37B018422928A0B461D7D1 /* HotkeyManager.swift */,
				998FED825A591A11ABBF1166 /* PermissionManager.swift */,
				5F7F8212B350BEB52CB23267 /* PushToTalkHotkey.swift */,
			);
			path = Permissions;
			sourceTree = "<group>";
		};
		95D3B2F7E1C0BEF583037085 /* Audio */ = {
			isa = PBXGroup;
			children = (
				56B356BE926A848C62F377A0 /* AudioRecorder.swift */,
				E333EDF66F0B9EB498F402FA /* TranscriptionModel.swift */,
				71CD0C2ABDE2A1A0D7510C80 /* TranscriptionService.swift */,
			);
			path = Audio;
			sourceTree = "<group>";
		};
		B2D0C6CFD602423EE6A10579 = {
			isa = PBXGroup;
			children = (
				56D75467D3375D3C901D8544 /* Config */,
				3F145B619008250D85AFD359 /* Voiced */,
				D395D53349EC9706E8F09D88 /* Products */,
			);
			sourceTree = "<group>";
		};
		D395D53349EC9706E8F09D88 /* Products */ = {
			isa = PBXGroup;
			children = (
				537AE869AF197A7F8BFF7933 /* Voiced.app */,
			);
			name = Products;
			sourceTree = "<group>";
		};
		EEC39E3099022CB5081423FA /* Output */ = {
			isa = PBXGroup;
			children = (
				67FB7184D1FB559065BED77E /* LastCaptureStore.swift */,
				9CF2FE36886981B6240FEA03 /* OutputManager.swift */,
				00A6CE12537A4321167766FA /* OutputMode.swift */,
			);
			path = Output;
			sourceTree = "<group>";
		};
/* End PBXGroup section */

/* Begin PBXNativeTarget section */
		46DE5F9C753D9FDD51832DE9 /* Voiced */ = {
			isa = PBXNativeTarget;
			buildConfigurationList = 4C037366AD905872F8D74E43 /* Build configuration list for PBXNativeTarget "Voiced" */;
			buildPhases = (
				E937EC2FDAA421EB939A1A68 /* Sources */,
				129E3BBB09FA3311AA8EE61A /* Resources */,
				DFFE4154966E19B27AC45B17 /* Frameworks */,
			);
			buildRules = (
			);
			dependencies = (
			);
			name = Voiced;
			packageProductDependencies = (
				9CC44EAC360DCAF30814206A /* WhisperKit */,
				F5CC88EC6271CB7E2FD0274E /* PostHog */,
			);
			productName = Voiced;
			productReference = 537AE869AF197A7F8BFF7933 /* Voiced.app */;
			productType = "com.apple.product-type.application";
		};
/* End PBXNativeTarget section */

/* Begin PBXProject section */
		D2DE90ECC15569C51F0D4DD6 /* Project object */ = {
			isa = PBXProject;
			attributes = {
				BuildIndependentTargetsInParallel = YES;
				LastUpgradeCheck = 1430;
				TargetAttributes = {
					46DE5F9C753D9FDD51832DE9 = {
						DevelopmentTeam = "";
						ProvisioningStyle = Automatic;
					};
				};
			};
			buildConfigurationList = 199AE245D1E15C53092ABE07 /* Build configuration list for PBXProject "Voiced" */;
			developmentRegion = en;
			hasScannedForEncodings = 0;
			knownRegions = (
				Base,
				en,
			);
			mainGroup = B2D0C6CFD602423EE6A10579;
			minimizedProjectReferenceProxies = 1;
			packageReferences = (
				E94126B4BC30DF345431519B /* XCRemoteSwiftPackageReference "argmax-oss-swift" */,
				9DDAD790D2FCF54E5C691F1F /* XCRemoteSwiftPackageReference "posthog-ios" */,
			);
			preferredProjectObjectVersion = 77;
			productRefGroup = D395D53349EC9706E8F09D88 /* Products */;
			projectDirPath = "";
			projectRoot = "";
			targets = (
				46DE5F9C753D9FDD51832DE9 /* Voiced */,
			);
		};
/* End PBXProject section */

/* Begin PBXResourcesBuildPhase section */
		129E3BBB09FA3311AA8EE61A /* Resources */ = {
			isa = PBXResourcesBuildPhase;
			buildActionMask = 2147483647;
			files = (
				D56AA73ED472F7EB7D0C8A9F /* Assets.xcassets in Resources */,
			);
			runOnlyForDeploymentPostprocessing = 0;
		};
/* End PBXResourcesBuildPhase section */

/* Begin PBXSourcesBuildPhase section */
		E937EC2FDAA421EB939A1A68 /* Sources */ = {
			isa = PBXSourcesBuildPhase;
			buildActionMask = 2147483647;
			files = (
				E81EAE8038B63A2C03EE5AC1 /* AppCoordinatorLive.swift in Sources */,
				E3E609F4078E7BB43C4AC1D1 /* AppNotifications.swift in Sources */,
				0A435CCF524E7C54DDA2B6B0 /* AppServices.swift in Sources */,
				65D287F1130DE707E53A7F07 /* AudioRecorder.swift in Sources */,
				CFCE55C5EC4589DDC784B797 /* CaptureState.swift in Sources */,
				4C79262405E0E4515A0DD8DE /* CursorMicroIndicator.swift in Sources */,
				945F240627B0D8E6F6DF9E9E /* FloatingIndicator.swift in Sources */,
				8A1B1D25125EA0837144E04B /* HotkeyManager.swift in Sources */,
				D847D33F895A52EC7B60E033 /* IndicatorState.swift in Sources */,
				18F9191DB3B2274A9F03BF90 /* IndicatorViews.swift in Sources */,
				E4379CA56F99C2D22EE3AFDF /* IntroOnboardingPresenter.swift in Sources */,
				7F2E8EE943ED5389739F4C73 /* LastCaptureStore.swift in Sources */,
				63E047CB4300FEF61D33905D /* ModelIntegrity.swift in Sources */,
				C01B2893022BFFCB565EF670 /* ModelLoadProgress.swift in Sources */,
				9B45019C2D0CAA24E4294BC1 /* ModelStore.swift in Sources */,
				11DA3FAEE4B90A5E06EA8A2B /* NotchGeometry.swift in Sources */,
				1228FA40BFE2B248959E8317 /* OutputManager.swift in Sources */,
				C6BE1655792B2AA1AD82D6BB /* OutputMode.swift in Sources */,
				B10810AD945D4329AEA46E01 /* PermissionManager.swift in Sources */,
				0F6FAD6456C5766BBF6D8F02 /* PushToTalkHotkey.swift in Sources */,
				7E0234D94F0413669D7817E8 /* ServiceProtocols.swift in Sources */,
				67AAB530D645886CC9C0F22D /* SettingsStore.swift in Sources */,
				1DC894F3E46F300DF0E8EA61 /* SettingsView.swift in Sources */,
				60262FDDA10703AEF146B816 /* SoundCue.swift in Sources */,
				C5F0664BDF2F4C0C7989121E /* SoundCuePlayer.swift in Sources */,
				E41501F56C890F9B8F12E129 /* StatusMenuController+Actions.swift in Sources */,
				D6E6C49354E2F3B06B037864 /* StatusMenuController+MenuBuilding.swift in Sources */,
				0A8A20A33A6B5CC39238FB71 /* StatusMenuController.swift in Sources */,
				5533DDF7CD2F7C04A715F483 /* TelemetryService.swift in Sources */,
				A9F041342BB91FAF0F8BBD37 /* TranscriptionModel.swift in Sources */,
				E7E4DC9DBB5AFDE410055958 /* TranscriptionService.swift in Sources */,
				7012341DFB4F3019CE17B1BE /* TransparentHostingView.swift in Sources */,
				924253CE1CE1FECE21F79B66 /* VoicedApp.swift in Sources */,
			);
			runOnlyForDeploymentPostprocessing = 0;
		};
/* End PBXSourcesBuildPhase section */

/* Begin XCBuildConfiguration section */
		26AA09AFFF00FD20665DFAC5 /* AppStore */ = {
			isa = XCBuildConfiguration;
			buildSettings = {
				ALWAYS_SEARCH_USER_PATHS = NO;
				CLANG_ANALYZER_NONNULL = YES;
				CLANG_ANALYZER_NUMBER_OBJECT_CONVERSION = YES_AGGRESSIVE;
				CLANG_CXX_LANGUAGE_STANDARD = "gnu++14";
				CLANG_CXX_LIBRARY = "libc++";
				CLANG_ENABLE_MODULES = YES;
				CLANG_ENABLE_OBJC_ARC = YES;
				CLANG_ENABLE_OBJC_WEAK = YES;
				CLANG_WARN_BLOCK_CAPTURE_AUTORELEASING = YES;
				CLANG_WARN_BOOL_CONVERSION = YES;
				CLANG_WARN_COMMA = YES;
				CLANG_WARN_CONSTANT_CONVERSION = YES;
				CLANG_WARN_DEPRECATED_OBJC_IMPLEMENTATIONS = YES;
				CLANG_WARN_DIRECT_OBJC_ISA_USAGE = YES_ERROR;
				CLANG_WARN_DOCUMENTATION_COMMENTS = YES;
				CLANG_WARN_EMPTY_BODY = YES;
				CLANG_WARN_ENUM_CONVERSION = YES;
				CLANG_WARN_INFINITE_RECURSION = YES;
				CLANG_WARN_INT_CONVERSION = YES;
				CLANG_WARN_NON_LITERAL_NULL_CONVERSION = YES;
				CLANG_WARN_OBJC_IMPLICIT_RETAIN_SELF = YES;
				CLANG_WARN_OBJC_LITERAL_CONVERSION = YES;
				CLANG_WARN_OBJC_ROOT_CLASS = YES_ERROR;
				CLANG_WARN_QUOTED_INCLUDE_IN_FRAMEWORK_HEADER = YES;
				CLANG_WARN_RANGE_LOOP_ANALYSIS = YES;
				CLANG_WARN_STRICT_PROTOTYPES = YES;
				CLANG_WARN_SUSPICIOUS_MOVE = YES;
				CLANG_WARN_UNGUARDED_AVAILABILITY = YES_AGGRESSIVE;
				CLANG_WARN_UNREACHABLE_CODE = YES;
				CLANG_WARN__DUPLICATE_METHOD_MATCH = YES;
				CODE_SIGN_ENTITLEMENTS = "Config/Voiced-AppStore.entitlements";
				CODE_SIGN_STYLE = Automatic;
				COPY_PHASE_STRIP = NO;
				CURRENT_PROJECT_VERSION = 6;
				DEBUG_INFORMATION_FORMAT = "dwarf-with-dsym";
				DEVELOPMENT_TEAM = "";
				ENABLE_NS_ASSERTIONS = NO;
				ENABLE_STRICT_OBJC_MSGSEND = YES;
				GCC_C_LANGUAGE_STANDARD = gnu11;
				GCC_NO_COMMON_BLOCKS = YES;
				GCC_WARN_64_TO_32_BIT_CONVERSION = YES;
				GCC_WARN_ABOUT_RETURN_TYPE = YES_ERROR;
				GCC_WARN_UNDECLARED_SELECTOR = YES;
				GCC_WARN_UNINITIALIZED_AUTOS = YES_AGGRESSIVE;
				GCC_WARN_UNUSED_FUNCTION = YES;
				GCC_WARN_UNUSED_VARIABLE = YES;
				MACOSX_DEPLOYMENT_TARGET = 14.0;
				MARKETING_VERSION = 0.1.6;
				MTL_ENABLE_DEBUG_INFO = NO;
				MTL_FAST_MATH = YES;
				POSTHOG_HOST = "https://eu.i.posthog.com";
				POSTHOG_PROJECT_TOKEN = "";
				PRODUCT_NAME = "$(TARGET_NAME)";
				SDKROOT = macosx;
				SWIFT_COMPILATION_MODE = wholemodule;
				SWIFT_OPTIMIZATION_LEVEL = "-O";
				SWIFT_VERSION = 6.0;
			};
			name = AppStore;
		};
		365B0B6D66DCABCA27D4D62D /* Debug */ = {
			isa = XCBuildConfiguration;
			buildSettings = {
				ALWAYS_SEARCH_USER_PATHS = NO;
				CLANG_ANALYZER_NONNULL = YES;
				CLANG_ANALYZER_NUMBER_OBJECT_CONVERSION = YES_AGGRESSIVE;
				CLANG_CXX_LANGUAGE_STANDARD = "gnu++14";
				CLANG_CXX_LIBRARY = "libc++";
				CLANG_ENABLE_MODULES = YES;
				CLANG_ENABLE_OBJC_ARC = YES;
				CLANG_ENABLE_OBJC_WEAK = YES;
				CLANG_WARN_BLOCK_CAPTURE_AUTORELEASING = YES;
				CLANG_WARN_BOOL_CONVERSION = YES;
				CLANG_WARN_COMMA = YES;
				CLANG_WARN_CONSTANT_CONVERSION = YES;
				CLANG_WARN_DEPRECATED_OBJC_IMPLEMENTATIONS = YES;
				CLANG_WARN_DIRECT_OBJC_ISA_USAGE = YES_ERROR;
				CLANG_WARN_DOCUMENTATION_COMMENTS = YES;
				CLANG_WARN_EMPTY_BODY = YES;
				CLANG_WARN_ENUM_CONVERSION = YES;
				CLANG_WARN_INFINITE_RECURSION = YES;
				CLANG_WARN_INT_CONVERSION = YES;
				CLANG_WARN_NON_LITERAL_NULL_CONVERSION = YES;
				CLANG_WARN_OBJC_IMPLICIT_RETAIN_SELF = YES;
				CLANG_WARN_OBJC_LITERAL_CONVERSION = YES;
				CLANG_WARN_OBJC_ROOT_CLASS = YES_ERROR;
				CLANG_WARN_QUOTED_INCLUDE_IN_FRAMEWORK_HEADER = YES;
				CLANG_WARN_RANGE_LOOP_ANALYSIS = YES;
				CLANG_WARN_STRICT_PROTOTYPES = YES;
				CLANG_WARN_SUSPICIOUS_MOVE = YES;
				CLANG_WARN_UNGUARDED_AVAILABILITY = YES_AGGRESSIVE;
				CLANG_WARN_UNREACHABLE_CODE = YES;
				CLANG_WARN__DUPLICATE_METHOD_MATCH = YES;
				CODE_SIGN_STYLE = Automatic;
				COPY_PHASE_STRIP = NO;
				CURRENT_PROJECT_VERSION = 6;
				DEBUG_INFORMATION_FORMAT = dwarf;
				DEVELOPMENT_TEAM = "";
				ENABLE_STRICT_OBJC_MSGSEND = YES;
				ENABLE_TESTABILITY = YES;
				GCC_C_LANGUAGE_STANDARD = gnu11;
				GCC_DYNAMIC_NO_PIC = NO;
				GCC_NO_COMMON_BLOCKS = YES;
				GCC_OPTIMIZATION_LEVEL = 0;
				GCC_PREPROCESSOR_DEFINITIONS = (
					"$(inherited)",
					"DEBUG=1",
				);
				GCC_WARN_64_TO_32_BIT_CONVERSION = YES;
				GCC_WARN_ABOUT_RETURN_TYPE = YES_ERROR;
				GCC_WARN_UNDECLARED_SELECTOR = YES;
				GCC_WARN_UNINITIALIZED_AUTOS = YES_AGGRESSIVE;
				GCC_WARN_UNUSED_FUNCTION = YES;
				GCC_WARN_UNUSED_VARIABLE = YES;
				MACOSX_DEPLOYMENT_TARGET = 14.0;
				MARKETING_VERSION = 0.1.6;
				MTL_ENABLE_DEBUG_INFO = INCLUDE_SOURCE;
				MTL_FAST_MATH = YES;
				ONLY_ACTIVE_ARCH = YES;
				POSTHOG_HOST = "https://eu.i.posthog.com";
				POSTHOG_PROJECT_TOKEN = "";
				PRODUCT_NAME = "$(TARGET_NAME)";
				SDKROOT = macosx;
				SWIFT_ACTIVE_COMPILATION_CONDITIONS = DEBUG;
				SWIFT_OPTIMIZATION_LEVEL = "-Onone";
				SWIFT_VERSION = 6.0;
			};
			name = Debug;
		};
		5E59D0987509847797D634C5 /* Debug */ = {
			isa = XCBuildConfiguration;
			buildSettings = {
				ASSETCATALOG_COMPILER_APPICON_NAME = AppIcon;
				CODE_SIGN_ENTITLEMENTS = Config/Voiced.entitlements;
				COMBINE_HIDPI_IMAGES = YES;
				ENABLE_HARDENED_RUNTIME = YES;
				INFOPLIST_FILE = Config/Info.plist;
				LD_RUNPATH_SEARCH_PATHS = (
					"$(inherited)",
					"@executable_path/../Frameworks",
				);
				PRODUCT_BUNDLE_IDENTIFIER = net.applification.voiced;
				PRODUCT_NAME = Voiced;
				SDKROOT = macosx;
			};
			name = Debug;
		};
		7DB83B336365557CB4E874AC /* Release */ = {
			isa = XCBuildConfiguration;
			buildSettings = {
				ALWAYS_SEARCH_USER_PATHS = NO;
				CLANG_ANALYZER_NONNULL = YES;
				CLANG_ANALYZER_NUMBER_OBJECT_CONVERSION = YES_AGGRESSIVE;
				CLANG_CXX_LANGUAGE_STANDARD = "gnu++14";
				CLANG_CXX_LIBRARY = "libc++";
				CLANG_ENABLE_MODULES = YES;
				CLANG_ENABLE_OBJC_ARC = YES;
				CLANG_ENABLE_OBJC_WEAK = YES;
				CLANG_WARN_BLOCK_CAPTURE_AUTORELEASING = YES;
				CLANG_WARN_BOOL_CONVERSION = YES;
				CLANG_WARN_COMMA = YES;
				CLANG_WARN_CONSTANT_CONVERSION = YES;
				CLANG_WARN_DEPRECATED_OBJC_IMPLEMENTATIONS = YES;
				CLANG_WARN_DIRECT_OBJC_ISA_USAGE = YES_ERROR;
				CLANG_WARN_DOCUMENTATION_COMMENTS = YES;
				CLANG_WARN_EMPTY_BODY = YES;
				CLANG_WARN_ENUM_CONVERSION = YES;
				CLANG_WARN_INFINITE_RECURSION = YES;
				CLANG_WARN_INT_CONVERSION = YES;
				CLANG_WARN_NON_LITERAL_NULL_CONVERSION = YES;
				CLANG_WARN_OBJC_IMPLICIT_RETAIN_SELF = YES;
				CLANG_WARN_OBJC_LITERAL_CONVERSION = YES;
				CLANG_WARN_OBJC_ROOT_CLASS = YES_ERROR;
				CLANG_WARN_QUOTED_INCLUDE_IN_FRAMEWORK_HEADER = YES;
				CLANG_WARN_RANGE_LOOP_ANALYSIS = YES;
				CLANG_WARN_STRICT_PROTOTYPES = YES;
				CLANG_WARN_SUSPICIOUS_MOVE = YES;
				CLANG_WARN_UNGUARDED_AVAILABILITY = YES_AGGRESSIVE;
				CLANG_WARN_UNREACHABLE_CODE = YES;
				CLANG_WARN__DUPLICATE_METHOD_MATCH = YES;
				CODE_SIGN_STYLE = Automatic;
				COPY_PHASE_STRIP = NO;
				CURRENT_PROJECT_VERSION = 6;
				DEBUG_INFORMATION_FORMAT = "dwarf-with-dsym";
				DEVELOPMENT_TEAM = "";
				ENABLE_NS_ASSERTIONS = NO;
				ENABLE_STRICT_OBJC_MSGSEND = YES;
				GCC_C_LANGUAGE_STANDARD = gnu11;
				GCC_NO_COMMON_BLOCKS = YES;
				GCC_WARN_64_TO_32_BIT_CONVERSION = YES;
				GCC_WARN_ABOUT_RETURN_TYPE = YES_ERROR;
				GCC_WARN_UNDECLARED_SELECTOR = YES;
				GCC_WARN_UNINITIALIZED_AUTOS = YES_AGGRESSIVE;
				GCC_WARN_UNUSED_FUNCTION = YES;
				GCC_WARN_UNUSED_VARIABLE = YES;
				MACOSX_DEPLOYMENT_TARGET = 14.0;
				MARKETING_VERSION = 0.1.6;
				MTL_ENABLE_DEBUG_INFO = NO;
				MTL_FAST_MATH = YES;
				POSTHOG_HOST = "https://eu.i.posthog.com";
				POSTHOG_PROJECT_TOKEN = "";
				PRODUCT_NAME = "$(TARGET_NAME)";
				SDKROOT = macosx;
				SWIFT_COMPILATION_MODE = wholemodule;
				SWIFT_OPTIMIZATION_LEVEL = "-O";
				SWIFT_VERSION = 6.0;
			};
			name = Release;
		};
		8BD63D724F2B67284A89B63F /* AppStore */ = {
			isa = XCBuildConfiguration;
			buildSettings = {
				ASSETCATALOG_COMPILER_APPICON_NAME = AppIcon;
				CODE_SIGN_ENTITLEMENTS = "Config/Voiced-AppStore.entitlements";
				COMBINE_HIDPI_IMAGES = YES;
				ENABLE_HARDENED_RUNTIME = YES;
				INFOPLIST_FILE = Config/Info.plist;
				LD_RUNPATH_SEARCH_PATHS = (
					"$(inherited)",
					"@executable_path/../Frameworks",
				);
				PRODUCT_BUNDLE_IDENTIFIER = net.applification.voiced;
				PRODUCT_NAME = Voiced;
				SDKROOT = macosx;
			};
			name = AppStore;
		};
		D3BA9FD6E2558E46754E7ACF /* Release */ = {
			isa = XCBuildConfiguration;
			buildSettings = {
				ASSETCATALOG_COMPILER_APPICON_NAME = AppIcon;
				CODE_SIGN_ENTITLEMENTS = Config/Voiced.entitlements;
				COMBINE_HIDPI_IMAGES = YES;
				ENABLE_HARDENED_RUNTIME = YES;
				INFOPLIST_FILE = Config/Info.plist;
				LD_RUNPATH_SEARCH_PATHS = (
					"$(inherited)",
					"@executable_path/../Frameworks",
				);
				PRODUCT_BUNDLE_IDENTIFIER = net.applification.voiced;
				PRODUCT_NAME = Voiced;
				SDKROOT = macosx;
			};
			name = Release;
		};
/* End XCBuildConfiguration section */

/* Begin XCConfigurationList section */
		199AE245D1E15C53092ABE07 /* Build configuration list for PBXProject "Voiced" */ = {
			isa = XCConfigurationList;
			buildConfigurations = (
				26AA09AFFF00FD20665DFAC5 /* AppStore */,
				365B0B6D66DCABCA27D4D62D /* Debug */,
				7DB83B336365557CB4E874AC /* Release */,
			);
			defaultConfigurationIsVisible = 0;
			defaultConfigurationName = AppStore;
		};
		4C037366AD905872F8D74E43 /* Build configuration list for PBXNativeTarget "Voiced" */ = {
			isa = XCConfigurationList;
			buildConfigurations = (
				8BD63D724F2B67284A89B63F /* AppStore */,
				5E59D0987509847797D634C5 /* Debug */,
				D3BA9FD6E2558E46754E7ACF /* Release */,
			);
			defaultConfigurationIsVisible = 0;
			defaultConfigurationName = AppStore;
		};
/* End XCConfigurationList section */

/* Begin XCRemoteSwiftPackageReference section */
		9DDAD790D2FCF54E5C691F1F /* XCRemoteSwiftPackageReference "posthog-ios" */ = {
			isa = XCRemoteSwiftPackageReference;
			repositoryURL = "https://github.com/PostHog/posthog-ios.git";
			requirement = {
				kind = upToNextMajorVersion;
				minimumVersion = 3.59.0;
			};
		};
		E94126B4BC30DF345431519B /* XCRemoteSwiftPackageReference "argmax-oss-swift" */ = {
			isa = XCRemoteSwiftPackageReference;
			repositoryURL = "https://github.com/argmaxinc/argmax-oss-swift.git";
			requirement = {
				kind = upToNextMajorVersion;
				minimumVersion = 1.0.0;
			};
		};
/* End XCRemoteSwiftPackageReference section */

/* Begin XCSwiftPackageProductDependency section */
		9CC44EAC360DCAF30814206A /* WhisperKit */ = {
			isa = XCSwiftPackageProductDependency;
			package = E94126B4BC30DF345431519B /* XCRemoteSwiftPackageReference "argmax-oss-swift" */;
			productName = WhisperKit;
		};
		F5CC88EC6271CB7E2FD0274E /* PostHog */ = {
			isa = XCSwiftPackageProductDependency;
			package = 9DDAD790D2FCF54E5C691F1F /* XCRemoteSwiftPackageReference "posthog-ios" */;
			productName = PostHog;
		};
/* End XCSwiftPackageProductDependency section */
	};
	rootObject = D2DE90ECC15569C51F0D4DD6 /* Project object */;
}
